
Microsoft Visual Studio Solution File, Format Version 12.00
# Visual Studio Version 17
VisualStudioVersion = 17.11.35312.102
MinimumVisualStudioVersion = 10.0.40219.1
Project("{FAE04EC0-301F-11D3-BF4B-00C04F79EFBC}") = "OOP_Project_A", "OOP_Project_A\OOP_Project_A.csproj", "{AE4E65FB-8F6D-490A-8DF2-33DFD274C146}"
EndProject
Global
	GlobalSection(SolutionConfigurationPlatforms) = preSolution
		Debug|Any CPU = Debug|Any CPU
		Release|Any CPU = Release|Any CPU
	EndGlobalSection
	GlobalSection(ProjectConfigurationPlatforms) = postSolution
		{AE4E65FB-8F6D-490A-8DF2-33DFD274C146}.Debug|Any CPU.ActiveCfg = Debug|Any CPU
		{AE4E65FB-8F6D-490A-8DF2-33DFD274C146}.Debug|Any CPU.Build.0 = Debug|Any CPU
		{AE4E65FB-8F6D-490A-8DF2-33DFD274C146}.Release|Any CPU.ActiveCfg = Release|Any CPU
		{AE4E65FB-8F6D-490A-8DF2-33DFD274C146}.Release|Any CPU.Build.0 = Release|Any CPU
	EndGlobalSection
	GlobalSection(SolutionProperties) = preSolution
		HideSolutionNode = FALSE
	EndGlobalSection
	GlobalSection(ExtensibilityGlobals) = postSolution
		SolutionGuid = {58796A7F-9600-4156-9FA1-A73FEB0CC9E7}
	EndGlobalSection
EndGlobal
